
Microsoft Visual Studio Solution File, Format Version 12.00
# Visual Studio Version 17
VisualStudioVersion = 17.2.32505.173
MinimumVisualStudioVersion = 10.0.40219.1
Project("{FAE04EC0-301F-11D3-BF4B-00C04F79EFBC}") = "MyWebApi", "MyWebApi\MyWebApi.csproj", "{4CAB7744-E5B0-41D5-A168-807DEC722301}"
EndProject
Project("{FAE04EC0-301F-11D3-BF4B-00C04F79EFBC}") = "MyWebApiTest", "MyWebApiTest\MyWebApiTest.csproj", "{38D85589-443B-43B1-A66B-90D79B3F2E89}"
EndProject
Global
	GlobalSection(SolutionConfigurationPlatforms) = preSolution
		Debug|Any CPU = Debug|Any CPU
		Release|Any CPU = Release|Any CPU
	EndGlobalSection
	GlobalSection(ProjectConfigurationPlatforms) = postSolution
		{4CAB7744-E5B0-41D5-A168-807DEC722301}.Debug|Any CPU.ActiveCfg = Debug|Any CPU
		{4CAB7744-E5B0-41D5-A168-807DEC722301}.Debug|Any CPU.Build.0 = Debug|Any CPU
		{4CAB7744-E5B0-41D5-A168-807DEC722301}.Release|Any CPU.ActiveCfg = Release|Any CPU
		{4CAB7744-E5B0-41D5-A168-807DEC722301}.Release|Any CPU.Build.0 = Release|Any CPU
		{38D85589-443B-43B1-A66B-90D79B3F2E89}.Debug|Any CPU.ActiveCfg = Debug|Any CPU
		{38D85589-443B-43B1-A66B-90D79B3F2E89}.Debug|Any CPU.Build.0 = Debug|Any CPU
		{38D85589-443B-43B1-A66B-90D79B3F2E89}.Release|Any CPU.ActiveCfg = Release|Any CPU
		{38D85589-443B-43B1-A66B-90D79B3F2E89}.Release|Any CPU.Build.0 = Release|Any CPU
	EndGlobalSection
	GlobalSection(SolutionProperties) = preSolution
		HideSolutionNode = FALSE
	EndGlobalSection
	GlobalSection(ExtensibilityGlobals) = postSolution
		SolutionGuid = {72934956-309D-45E7-B034-8667AB83DB44}
	EndGlobalSection
EndGlobal
